// !$*UTF8*$!
{
	archiveVersion = 1;
	classes = {
	};
	objectVersion = 51;
	objects = {

/* Begin PBXBuildFile section */
		52738ACB2B48A0A36C8B8BE5 /* Pods_Taste_BudsTests.framework in Frameworks */ = {isa = PBXBuildFile; fileRef = 2B119FA2781240A71F7BA111 /* Pods_Taste_BudsTests.framework */; };
		6268860B2577FCB5007616AD /* SubmitViewController.swift in Sources */ = {isa = PBXBuildFile; fileRef = 6268860A2577FCB5007616AD /* SubmitViewController.swift */; };
		62688610257801A5007616AD /* DishInfoViewController.swift in Sources */ = {isa = PBXBuildFile; fileRef = 6268860F257801A5007616AD /* DishInfoViewController.swift */; };
		6272AE5B2577097F00DB0185 /* IngredientsViewController.swift in Sources */ = {isa = PBXBuildFile; fileRef = 6272AE5A2577097F00DB0185 /* IngredientsViewController.swift */; };
		6272AE6325771A8D00DB0185 /* PostedIngredientTableViewCell.swift in Sources */ = {isa = PBXBuildFile; fileRef = 6272AE6225771A8D00DB0185 /* PostedIngredientTableViewCell.swift */; };
		6272AE7A2577236400DB0185 /* DirectionsViewController.swift in Sources */ = {isa = PBXBuildFile; fileRef = 6272AE792577236400DB0185 /* DirectionsViewController.swift */; };
		6272AE8D257724C500DB0185 /* PostDirectionTableViewCell.swift in Sources */ = {isa = PBXBuildFile; fileRef = 6272AE8C257724C500DB0185 /* PostDirectionTableViewCell.swift */; };
		62AF032C2564476200535D3B /* AppDelegate.swift in Sources */ = {isa = PBXBuildFile; fileRef = 62AF032B2564476200535D3B /* AppDelegate.swift */; };
		62AF032E2564476200535D3B /* SceneDelegate.swift in Sources */ = {isa = PBXBuildFile; fileRef = 62AF032D2564476200535D3B /* SceneDelegate.swift */; };
		62AF03332564476200535D3B /* Main.storyboard in Resources */ = {isa = PBXBuildFile; fileRef = 62AF03312564476200535D3B /* Main.storyboard */; };
		62AF03352564476300535D3B /* Assets.xcassets in Resources */ = {isa = PBXBuildFile; fileRef = 62AF03342564476300535D3B /* Assets.xcassets */; };
		62AF03382564476300535D3B /* LaunchScreen.storyboard in Resources */ = {isa = PBXBuildFile; fileRef = 62AF03362564476300535D3B /* LaunchScreen.storyboard */; };
		62AF03432564476400535D3B /* Taste_BudsTests.swift in Sources */ = {isa = PBXBuildFile; fileRef = 62AF03422564476400535D3B /* Taste_BudsTests.swift */; };
		62AF034E2564476400535D3B /* Taste_BudsUITests.swift in Sources */ = {isa = PBXBuildFile; fileRef = 62AF034D2564476400535D3B /* Taste_BudsUITests.swift */; };
		62F170F8257428AB000C8557 /* SignUpViewController.swift in Sources */ = {isa = PBXBuildFile; fileRef = 62F170F7257428AB000C8557 /* SignUpViewController.swift */; };
		62F1710025742F2E000C8557 /* LoginViewController.swift in Sources */ = {isa = PBXBuildFile; fileRef = 62F170FF25742F2E000C8557 /* LoginViewController.swift */; };
		62F1710525743C17000C8557 /* ProfileViewController.swift in Sources */ = {isa = PBXBuildFile; fileRef = 62F1710425743C17000C8557 /* ProfileViewController.swift */; };
		D66BE8E90A963B7BAD68F610 /* Pods_Taste_Buds_Taste_BudsUITests.framework in Frameworks */ = {isa = PBXBuildFile; fileRef = BF53DF169D904BCD58C5D988 /* Pods_Taste_Buds_Taste_BudsUITests.framework */; };
		DC19CFF4E97E21FE27F3ACEA /* Pods_Taste_Buds.framework in Frameworks */ = {isa = PBXBuildFile; fileRef = CBEA8583F939ED2EC82E0B38 /* Pods_Taste_Buds.framework */; };
/* End PBXBuildFile section */

/* Begin PBXContainerItemProxy section */
		62AF033F2564476300535D3B /* PBXContainerItemProxy */ = {
			isa = PBXContainerItemProxy;
			containerPortal = 62AF03202564476200535D3B /* Project object */;
			proxyType = 1;
			remoteGlobalIDString = 62AF03272564476200535D3B;
			remoteInfo = "Taste-Buds";
		};
		62AF034A2564476400535D3B /* PBXContainerItemProxy */ = {
			isa = PBXContainerItemProxy;
			containerPortal = 62AF03202564476200535D3B /* Project object */;
			proxyType = 1;
			remoteGlobalIDString = 62AF03272564476200535D3B;
			remoteInfo = "Taste-Buds";
		};
/* End PBXContainerItemProxy section */

/* Begin PBXFileReference section */
		06D85452AE98016E375A7F4C /* Pods-Taste-Buds.release.xcconfig */ = {isa = PBXFileReference; includeInIndex = 1; lastKnownFileType = text.xcconfig; name = "Pods-Taste-Buds.release.xcconfig"; path = "Target Support Files/Pods-Taste-Buds/Pods-Taste-Buds.release.xcconfig"; sourceTree = "<group>"; };
		2B119FA2781240A71F7BA111 /* Pods_Taste_BudsTests.framework */ = {isa = PBXFileReference; explicitFileType = wrapper.framework; includeInIndex = 0; path = Pods_Taste_BudsTests.framework; sourceTree = BUILT_PRODUCTS_DIR; };
		341A87FA9F9970A46146F5F8 /* Pods-Taste-BudsTests.debug.xcconfig */ = {isa = PBXFileReference; includeInIndex = 1; lastKnownFileType = text.xcconfig; name = "Pods-Taste-BudsTests.debug.xcconfig"; path = "Target Support Files/Pods-Taste-BudsTests/Pods-Taste-BudsTests.debug.xcconfig"; sourceTree = "<group>"; };
		536A606D469F807B70BB22B1 /* Pods-Taste-Buds-Taste-BudsUITests.debug.xcconfig */ = {isa = PBXFileReference; includeInIndex = 1; lastKnownFileType = text.xcconfig; name = "Pods-Taste-Buds-Taste-BudsUITests.debug.xcconfig"; path = "Target Support Files/Pods-Taste-Buds-Taste-BudsUITests/Pods-Taste-Buds-Taste-BudsUITests.debug.xcconfig"; sourceTree = "<group>"; };
		6268860A2577FCB5007616AD /* SubmitViewController.swift */ = {isa = PBXFileReference; lastKnownFileType = sourcecode.swift; path = SubmitViewController.swift; sourceTree = "<group>"; };
		6268860F257801A5007616AD /* DishInfoViewController.swift */ = {isa = PBXFileReference; lastKnownFileType = sourcecode.swift; path = DishInfoViewController.swift; sourceTree = "<group>"; };
		6272AE5A2577097F00DB0185 /* IngredientsViewController.swift */ = {isa = PBXFileReference; lastKnownFileType = sourcecode.swift; path = IngredientsViewController.swift; sourceTree = "<group>"; };
		6272AE6225771A8D00DB0185 /* PostedIngredientTableViewCell.swift */ = {isa = PBXFileReference; lastKnownFileType = sourcecode.swift; path = PostedIngredientTableViewCell.swift; sourceTree = "<group>"; };
		6272AE792577236400DB0185 /* DirectionsViewController.swift */ = {isa = PBXFileReference; lastKnownFileType = sourcecode.swift; path = DirectionsViewController.swift; sourceTree = "<group>"; };
		6272AE8C257724C500DB0185 /* PostDirectionTableViewCell.swift */ = {isa = PBXFileReference; lastKnownFileType = sourcecode.swift; path = PostDirectionTableViewCell.swift; sourceTree = "<group>"; };
		62AF03282564476200535D3B /* Taste-Buds.app */ = {isa = PBXFileReference; explicitFileType = wrapper.application; includeInIndex = 0; path = "Taste-Buds.app"; sourceTree = BUILT_PRODUCTS_DIR; };
		62AF032B2564476200535D3B /* AppDelegate.swift */ = {isa = PBXFileReference; lastKnownFileType = sourcecode.swift; path = AppDelegate.swift; sourceTree = "<group>"; };
		62AF032D2564476200535D3B /* SceneDelegate.swift */ = {isa = PBXFileReference; lastKnownFileType = sourcecode.swift; path = SceneDelegate.swift; sourceTree = "<group>"; };
		62AF03322564476200535D3B /* Base */ = {isa = PBXFileReference; lastKnownFileType = file.storyboard; name = Base; path = Base.lproj/Main.storyboard; sourceTree = "<group>"; };
		62AF03342564476300535D3B /* Assets.xcassets */ = {isa = PBXFileReference; lastKnownFileType = folder.assetcatalog; path = Assets.xcassets; sourceTree = "<group>"; };
		62AF03372564476300535D3B /* Base */ = {isa = PBXFileReference; lastKnownFileType = file.storyboard; name = Base; path = Base.lproj/LaunchScreen.storyboard; sourceTree = "<group>"; };
		62AF03392564476300535D3B /* Info.plist */ = {isa = PBXFileReference; lastKnownFileType = text.plist.xml; path = Info.plist; sourceTree = "<group>"; };
		62AF033E2564476300535D3B /* Taste-BudsTests.xctest */ = {isa = PBXFileReference; explicitFileType = wrapper.cfbundle; includeInIndex = 0; path = "Taste-BudsTests.xctest"; sourceTree = BUILT_PRODUCTS_DIR; };
		62AF03422564476400535D3B /* Taste_BudsTests.swift */ = {isa = PBXFileReference; lastKnownFileType = sourcecode.swift; path = Taste_BudsTests.swift; sourceTree = "<group>"; };
		62AF03442564476400535D3B /* Info.plist */ = {isa = PBXFileReference; lastKnownFileType = text.plist.xml; path = Info.plist; sourceTree = "<group>"; };
		62AF03492564476400535D3B /* Taste-BudsUITests.xctest */ = {isa = PBXFileReference; explicitFileType = wrapper.cfbundle; includeInIndex = 0; path = "Taste-BudsUITests.xctest"; sourceTree = BUILT_PRODUCTS_DIR; };
		62AF034D2564476400535D3B /* Taste_BudsUITests.swift */ = {isa = PBXFileReference; lastKnownFileType = sourcecode.swift; path = Taste_BudsUITests.swift; sourceTree = "<group>"; };
		62AF034F2564476400535D3B /* Info.plist */ = {isa = PBXFileReference; lastKnownFileType = text.plist.xml; path = Info.plist; sourceTree = "<group>"; };
		62F170F7257428AB000C8557 /* SignUpViewController.swift */ = {isa = PBXFileReference; lastKnownFileType = sourcecode.swift; path = SignUpViewController.swift; sourceTree = "<group>"; };
		62F170FF25742F2E000C8557 /* LoginViewController.swift */ = {isa = PBXFileReference; lastKnownFileType = sourcecode.swift; path = LoginViewController.swift; sourceTree = "<group>"; };
		62F1710425743C17000C8557 /* ProfileViewController.swift */ = {isa = PBXFileReference; lastKnownFileType = sourcecode.swift; path = ProfileViewController.swift; sourceTree = "<group>"; };
		9D19E5E7B648C5AB7439F90C /* Pods-Taste-BudsTests.release.xcconfig */ = {isa = PBXFileReference; includeInIndex = 1; lastKnownFileType = text.xcconfig; name = "Pods-Taste-BudsTests.release.xcconfig"; path = "Target Support Files/Pods-Taste-BudsTests/Pods-Taste-BudsTests.release.xcconfig"; sourceTree = "<group>"; };
		BF53DF169D904BCD58C5D988 /* Pods_Taste_Buds_Taste_BudsUITests.framework */ = {isa = PBXFileReference; explicitFileType = wrapper.framework; includeInIndex = 0; path = Pods_Taste_Buds_Taste_BudsUITests.framework; sourceTree = BUILT_PRODUCTS_DIR; };
		CBCE94FE080B126FA522363F /* Pods-Taste-Buds-Taste-BudsUITests.release.xcconfig */ = {isa = PBXFileReference; includeInIndex = 1; lastKnownFileType = text.xcconfig; name = "Pods-Taste-Buds-Taste-BudsUITests.release.xcconfig"; path = "Target Support Files/Pods-Taste-Buds-Taste-BudsUITests/Pods-Taste-Buds-Taste-BudsUITests.release.xcconfig"; sourceTree = "<group>"; };
		CBEA8583F939ED2EC82E0B38 /* Pods_Taste_Buds.framework */ = {isa = PBXFileReference; explicitFileType = wrapper.framework; includeInIndex = 0; path = Pods_Taste_Buds.framework; sourceTree = BUILT_PRODUCTS_DIR; };
		EA5C1B5C07043CBA384C1658 /* Pods-Taste-Buds.debug.xcconfig */ = {isa = PBXFileReference; includeInIndex = 1; lastKnownFileType = text.xcconfig; name = "Pods-Taste-Buds.debug.xcconfig"; path = "Target Support Files/Pods-Taste-Buds/Pods-Taste-Buds.debug.xcconfig"; sourceTree = "<group>"; };
/* End PBXFileReference section */

/* Begin PBXFrameworksBuildPhase section */
		62AF03252564476200535D3B /* Frameworks */ = {
			isa = PBXFrameworksBuildPhase;
			buildActionMask = 2147483647;
			files = (
				DC19CFF4E97E21FE27F3ACEA /* Pods_Taste_Buds.framework in Frameworks */,
			);
			runOnlyForDeploymentPostprocessing = 0;
		};
		62AF033B2564476300535D3B /* Frameworks */ = {
			isa = PBXFrameworksBuildPhase;
			buildActionMask = 2147483647;
			files = (
				52738ACB2B48A0A36C8B8BE5 /* Pods_Taste_BudsTests.framework in Frameworks */,
			);
			runOnlyForDeploymentPostprocessing = 0;
		};
		62AF03462564476400535D3B /* Frameworks */ = {
			isa = PBXFrameworksBuildPhase;
			buildActionMask = 2147483647;
			files = (
				D66BE8E90A963B7BAD68F610 /* Pods_Taste_Buds_Taste_BudsUITests.framework in Frameworks */,
			);
			runOnlyForDeploymentPostprocessing = 0;
		};
/* End PBXFrameworksBuildPhase section */

/* Begin PBXGroup section */
		62AF031F2564476200535D3B = {
			isa = PBXGroup;
			children = (
				62AF032A2564476200535D3B /* Taste-Buds */,
				62AF03412564476400535D3B /* Taste-BudsTests */,
				62AF034C2564476400535D3B /* Taste-BudsUITests */,
				62AF03292564476200535D3B /* Products */,
				83A33DAEE7368704D4D28CA0 /* Pods */,
				98A464A378844A54D377229F /* Frameworks */,
			);
			sourceTree = "<group>";
		};
		62AF03292564476200535D3B /* Products */ = {
			isa = PBXGroup;
			children = (
				62AF03282564476200535D3B /* Taste-Buds.app */,
				62AF033E2564476300535D3B /* Taste-BudsTests.xctest */,
				62AF03492564476400535D3B /* Taste-BudsUITests.xctest */,
			);
			name = Products;
			sourceTree = "<group>";
		};
		62AF032A2564476200535D3B /* Taste-Buds */ = {
			isa = PBXGroup;
			children = (
				62AF032B2564476200535D3B /* AppDelegate.swift */,
				62AF032D2564476200535D3B /* SceneDelegate.swift */,
				62F170FF25742F2E000C8557 /* LoginViewController.swift */,
				62AF03312564476200535D3B /* Main.storyboard */,
				62AF03342564476300535D3B /* Assets.xcassets */,
				62AF03362564476300535D3B /* LaunchScreen.storyboard */,
				62AF03392564476300535D3B /* Info.plist */,
				62F170F7257428AB000C8557 /* SignUpViewController.swift */,
				62F1710425743C17000C8557 /* ProfileViewController.swift */,
				6272AE5A2577097F00DB0185 /* IngredientsViewController.swift */,
				6272AE6225771A8D00DB0185 /* PostedIngredientTableViewCell.swift */,
				6272AE792577236400DB0185 /* DirectionsViewController.swift */,
				6272AE8C257724C500DB0185 /* PostDirectionTableViewCell.swift */,
				6268860A2577FCB5007616AD /* SubmitViewController.swift */,
				6268860F257801A5007616AD /* DishInfoViewController.swift */,
			);
			path = "Taste-Buds";
			sourceTree = "<group>";
		};
		62AF03412564476400535D3B /* Taste-BudsTests */ = {
			isa = PBXGroup;
			children = (
				62AF03422564476400535D3B /* Taste_BudsTests.swift */,
				62AF03442564476400535D3B /* Info.plist */,
			);
			path = "Taste-BudsTests";
			sourceTree = "<group>";
		};
		62AF034C2564476400535D3B /* Taste-BudsUITests */ = {
			isa = PBXGroup;
			children = (
				62AF034D2564476400535D3B /* Taste_BudsUITests.swift */,
				62AF034F2564476400535D3B /* Info.plist */,
			);
			path = "Taste-BudsUITests";
			sourceTree = "<group>";
		};
		83A33DAEE7368704D4D28CA0 /* Pods */ = {
			isa = PBXGroup;
			children = (
				EA5C1B5C07043CBA384C1658 /* Pods-Taste-Buds.debug.xcconfig */,
				06D85452AE98016E375A7F4C /* Pods-Taste-Buds.release.xcconfig */,
				536A606D469F807B70BB22B1 /* Pods-Taste-Buds-Taste-BudsUITests.debug.xcconfig */,
				CBCE94FE080B126FA522363F /* Pods-Taste-Buds-Taste-BudsUITests.release.xcconfig */,
				341A87FA9F9970A46146F5F8 /* Pods-Taste-BudsTests.debug.xcconfig */,
				9D19E5E7B648C5AB7439F90C /* Pods-Taste-BudsTests.release.xcconfig */,
			);
			path = Pods;
			sourceTree = "<group>";
		};
		98A464A378844A54D377229F /* Frameworks */ = {
			isa = PBXGroup;
			children = (
				CBEA8583F939ED2EC82E0B38 /* Pods_Taste_Buds.framework */,
				BF53DF169D904BCD58C5D988 /* Pods_Taste_Buds_Taste_BudsUITests.framework */,
				2B119FA2781240A71F7BA111 /* Pods_Taste_BudsTests.framework */,
			);
			name = Frameworks;
			sourceTree = "<group>";
		};
/* End PBXGroup section */

/* Begin PBXNativeTarget section */
		62AF03272564476200535D3B /* Taste-Buds */ = {
			isa = PBXNativeTarget;
			buildConfigurationList = 62AF03522564476400535D3B /* Build configuration list for PBXNativeTarget "Taste-Buds" */;
			buildPhases = (
				95AB308DE095006A14B29627 /* [CP] Check Pods Manifest.lock */,
				62AF03242564476200535D3B /* Sources */,
				62AF03252564476200535D3B /* Frameworks */,
				62AF03262564476200535D3B /* Resources */,
				B93981C54F39DA64C934E5B8 /* [CP] Embed Pods Frameworks */,
			);
			buildRules = (
			);
			dependencies = (
			);
			name = "Taste-Buds";
			productName = "Taste-Buds";
			productReference = 62AF03282564476200535D3B /* Taste-Buds.app */;
			productType = "com.apple.product-type.application";
		};
		62AF033D2564476300535D3B /* Taste-BudsTests */ = {
			isa = PBXNativeTarget;
			buildConfigurationList = 62AF03552564476400535D3B /* Build configuration list for PBXNativeTarget "Taste-BudsTests" */;
			buildPhases = (
				BC02134B41BBC8E2D13FC8AC /* [CP] Check Pods Manifest.lock */,
				62AF033A2564476300535D3B /* Sources */,
				62AF033B2564476300535D3B /* Frameworks */,
				62AF033C2564476300535D3B /* Resources */,
				D08051DA4E03EB6637E9D4CD /* [CP] Embed Pods Frameworks */,
			);
			buildRules = (
			);
			dependencies = (
				62AF03402564476300535D3B /* PBXTargetDependency */,
			);
			name = "Taste-BudsTests";
			productName = "Taste-BudsTests";
			productReference = 62AF033E2564476300535D3B /* Taste-BudsTests.xctest */;
			productType = "com.apple.product-type.bundle.unit-test";
		};
		62AF03482564476400535D3B /* Taste-BudsUITests */ = {
			isa = PBXNativeTarget;
			buildConfigurationList = 62AF03582564476400535D3B /* Build configuration list for PBXNativeTarget "Taste-BudsUITests" */;
			buildPhases = (
				50ECC05AAB091FB38644F683 /* [CP] Check Pods Manifest.lock */,
				62AF03452564476400535D3B /* Sources */,
				62AF03462564476400535D3B /* Frameworks */,
				62AF03472564476400535D3B /* Resources */,
				8F2EABA091B6C2F99145EBCC /* [CP] Embed Pods Frameworks */,
			);
			buildRules = (
			);
			dependencies = (
				62AF034B2564476400535D3B /* PBXTargetDependency */,
			);
			name = "Taste-BudsUITests";
			productName = "Taste-BudsUITests";
			productReference = 62AF03492564476400535D3B /* Taste-BudsUITests.xctest */;
			productType = "com.apple.product-type.bundle.ui-testing";
		};
/* End PBXNativeTarget section */

/* Begin PBXProject section */
		62AF03202564476200535D3B /* Project object */ = {
			isa = PBXProject;
			attributes = {
				LastSwiftUpdateCheck = 1210;
				LastUpgradeCheck = 1210;
				TargetAttributes = {
					62AF03272564476200535D3B = {
						CreatedOnToolsVersion = 12.1;
					};
					62AF033D2564476300535D3B = {
						CreatedOnToolsVersion = 12.1;
						TestTargetID = 62AF03272564476200535D3B;
					};
					62AF03482564476400535D3B = {
						CreatedOnToolsVersion = 12.1;
						TestTargetID = 62AF03272564476200535D3B;
					};
				};
			};
			buildConfigurationList = 62AF03232564476200535D3B /* Build configuration list for PBXProject "Taste-Buds" */;
			compatibilityVersion = "Xcode 9.3";
			developmentRegion = en;
			hasScannedForEncodings = 0;
			knownRegions = (
				en,
				Base,
			);
			mainGroup = 62AF031F2564476200535D3B;
			productRefGroup = 62AF03292564476200535D3B /* Products */;
			projectDirPath = "";
			projectRoot = "";
			targets = (
				62AF03272564476200535D3B /* Taste-Buds */,
				62AF033D2564476300535D3B /* Taste-BudsTests */,
				62AF03482564476400535D3B /* Taste-BudsUITests */,
			);
		};
/* End PBXProject section */

/* Begin PBXResourcesBuildPhase section */
		62AF03262564476200535D3B /* Resources */ = {
			isa = PBXResourcesBuildPhase;
			buildActionMask = 2147483647;
			files = (
				62AF03382564476300535D3B /* LaunchScreen.storyboard in Resources */,
				62AF03352564476300535D3B /* Assets.xcassets in Resources */,
				62AF03332564476200535D3B /* Main.storyboard in Resources */,
			);
			runOnlyForDeploymentPostprocessing = 0;
		};
		62AF033C2564476300535D3B /* Resources */ = {
			isa = PBXResourcesBuildPhase;
			buildActionMask = 2147483647;
			files = (
			);
			runOnlyForDeploymentPostprocessing = 0;
		};
		62AF03472564476400535D3B /* Resources */ = {
			isa = PBXResourcesBuildPhase;
			buildActionMask = 2147483647;
			files = (
			);
			runOnlyForDeploymentPostprocessing = 0;
		};
/* End PBXResourcesBuildPhase section */

/* Begin PBXShellScriptBuildPhase section */
		50ECC05AAB091FB38644F683 /* [CP] Check Pods Manifest.lock */ = {
			isa = PBXShellScriptBuildPhase;
			buildActionMask = 2147483647;
			files = (
			);
			inputFileListPaths = (
			);
			inputPaths = (
				"${PODS_PODFILE_DIR_PATH}/Podfile.lock",
				"${PODS_ROOT}/Manifest.lock",
			);
			name = "[CP] Check Pods Manifest.lock";
			outputFileListPaths = (
			);
			outputPaths = (
				"$(DERIVED_FILE_DIR)/Pods-Taste-Buds-Taste-BudsUITests-checkManifestLockResult.txt",
			);
			runOnlyForDeploymentPostprocessing = 0;
			shellPath = /bin/sh;
			shellScript = "diff \"${PODS_PODFILE_DIR_PATH}/Podfile.lock\" \"${PODS_ROOT}/Manifest.lock\" > /dev/null\nif [ $? != 0 ] ; then\n    # print error to STDERR\n    echo \"error: The sandbox is not in sync with the Podfile.lock. Run 'pod install' or update your CocoaPods installation.\" >&2\n    exit 1\nfi\n# This output is used by Xcode 'outputs' to avoid re-running this script phase.\necho \"SUCCESS\" > \"${SCRIPT_OUTPUT_FILE_0}\"\n";
			showEnvVarsInLog = 0;
		};
		8F2EABA091B6C2F99145EBCC /* [CP] Embed Pods Frameworks */ = {
			isa = PBXShellScriptBuildPhase;
			buildActionMask = 2147483647;
			files = (
			);
			inputFileListPaths = (
				"${PODS_ROOT}/Target Support Files/Pods-Taste-Buds-Taste-BudsUITests/Pods-Taste-Buds-Taste-BudsUITests-frameworks-${CONFIGURATION}-input-files.xcfilelist",
			);
			name = "[CP] Embed Pods Frameworks";
			outputFileListPaths = (
				"${PODS_ROOT}/Target Support Files/Pods-Taste-Buds-Taste-BudsUITests/Pods-Taste-Buds-Taste-BudsUITests-frameworks-${CONFIGURATION}-output-files.xcfilelist",
			);
			runOnlyForDeploymentPostprocessing = 0;
			shellPath = /bin/sh;
			shellScript = "\"${PODS_ROOT}/Target Support Files/Pods-Taste-Buds-Taste-BudsUITests/Pods-Taste-Buds-Taste-BudsUITests-frameworks.sh\"\n";
			showEnvVarsInLog = 0;
		};
		95AB308DE095006A14B29627 /* [CP] Check Pods Manifest.lock */ = {
			isa = PBXShellScriptBuildPhase;
			buildActionMask = 2147483647;
			files = (
			);
			inputFileListPaths = (
			);
			inputPaths = (
				"${PODS_PODFILE_DIR_PATH}/Podfile.lock",
				"${PODS_ROOT}/Manifest.lock",
			);
			name = "[CP] Check Pods Manifest.lock";
			outputFileListPaths = (
			);
			outputPaths = (
				"$(DERIVED_FILE_DIR)/Pods-Taste-Buds-checkManifestLockResult.txt",
			);
			runOnlyForDeploymentPostprocessing = 0;
			shellPath = /bin/sh;
			shellScript = "diff \"${PODS_PODFILE_DIR_PATH}/Podfile.lock\" \"${PODS_ROOT}/Manifest.lock\" > /dev/null\nif [ $? != 0 ] ; then\n    # print error to STDERR\n    echo \"error: The sandbox is not in sync with the Podfile.lock. Run 'pod install' or update your CocoaPods installation.\" >&2\n    exit 1\nfi\n# This output is used by Xcode 'outputs' to avoid re-running this script phase.\necho \"SUCCESS\" > \"${SCRIPT_OUTPUT_FILE_0}\"\n";
			showEnvVarsInLog = 0;
		};
		B93981C54F39DA64C934E5B8 /* [CP] Embed Pods Frameworks */ = {
			isa = PBXShellScriptBuildPhase;
			buildActionMask = 2147483647;
			files = (
			);
			inputFileListPaths = (
				"${PODS_ROOT}/Target Support Files/Pods-Taste-Buds/Pods-Taste-Buds-frameworks-${CONFIGURATION}-input-files.xcfilelist",
			);
			name = "[CP] Embed Pods Frameworks";
			outputFileListPaths = (
				"${PODS_ROOT}/Target Support Files/Pods-Taste-Buds/Pods-Taste-Buds-frameworks-${CONFIGURATION}-output-files.xcfilelist",
			);
			runOnlyForDeploymentPostprocessing = 0;
			shellPath = /bin/sh;
			shellScript = "\"${PODS_ROOT}/Target Support Files/Pods-Taste-Buds/Pods-Taste-Buds-frameworks.sh\"\n";
			showEnvVarsInLog = 0;
		};
		BC02134B41BBC8E2D13FC8AC /* [CP] Check Pods Manifest.lock */ = {
			isa = PBXShellScriptBuildPhase;
			buildActionMask = 2147483647;
			files = (
			);
			inputFileListPaths = (
			);
			inputPaths = (
				"${PODS_PODFILE_DIR_PATH}/Podfile.lock",
				"${PODS_ROOT}/Manifest.lock",
			);
			name = "[CP] Check Pods Manifest.lock";
			outputFileListPaths = (
			);
			outputPaths = (
				"$(DERIVED_FILE_DIR)/Pods-Taste-BudsTests-checkManifestLockResult.txt",
			);
			runOnlyForDeploymentPostprocessing = 0;
			shellPath = /bin/sh;
			shellScript = "diff \"${PODS_PODFILE_DIR_PATH}/Podfile.lock\" \"${PODS_ROOT}/Manifest.lock\" > /dev/null\nif [ $? != 0 ] ; then\n    # print error to STDERR\n    echo \"error: The sandbox is not in sync with the Podfile.lock. Run 'pod install' or update your CocoaPods installation.\" >&2\n    exit 1\nfi\n# This output is used by Xcode 'outputs' to avoid re-running this script phase.\necho \"SUCCESS\" > \"${SCRIPT_OUTPUT_FILE_0}\"\n";
			showEnvVarsInLog = 0;
		};
		D08051DA4E03EB6637E9D4CD /* [CP] Embed Pods Frameworks */ = {
			isa = PBXShellScriptBuildPhase;
			buildActionMask = 2147483647;
			files = (
			);
			inputFileListPaths = (
				"${PODS_ROOT}/Target Support Files/Pods-Taste-BudsTests/Pods-Taste-BudsTests-frameworks-${CONFIGURATION}-input-files.xcfilelist",
			);
			name = "[CP] Embed Pods Frameworks";
			outputFileListPaths = (
				"${PODS_ROOT}/Target Support Files/Pods-Taste-BudsTests/Pods-Taste-BudsTests-frameworks-${CONFIGURATION}-output-files.xcfilelist",
			);
			runOnlyForDeploymentPostprocessing = 0;
			shellPath = /bin/sh;
			shellScript = "\"${PODS_ROOT}/Target Support Files/Pods-Taste-BudsTests/Pods-Taste-BudsTests-frameworks.sh\"\n";
			showEnvVarsInLog = 0;
		};
/* End PBXShellScriptBuildPhase section */

/* Begin PBXSourcesBuildPhase section */
		62AF03242564476200535D3B /* Sources */ = {
			isa = PBXSourcesBuildPhase;
			buildActionMask = 2147483647;
			files = (
				6272AE8D257724C500DB0185 /* PostDirectionTableViewCell.swift in Sources */,
				62F1710025742F2E000C8557 /* LoginViewController.swift in Sources */,
				62AF032C2564476200535D3B /* AppDelegate.swift in Sources */,
				62F1710525743C17000C8557 /* ProfileViewController.swift in Sources */,
				6272AE5B2577097F00DB0185 /* IngredientsViewController.swift in Sources */,
				62688610257801A5007616AD /* DishInfoViewController.swift in Sources */,
				6272AE7A2577236400DB0185 /* DirectionsViewController.swift in Sources */,
				6268860B2577FCB5007616AD /* SubmitViewController.swift in Sources */,
				62F170F8257428AB000C8557 /* SignUpViewController.swift in Sources */,
				6272AE6325771A8D00DB0185 /* PostedIngredientTableViewCell.swift in Sources */,
				62AF032E2564476200535D3B /* SceneDelegate.swift in Sources */,
			);
			runOnlyForDeploymentPostprocessing = 0;
		};
		62AF033A2564476300535D3B /* Sources */ = {
			isa = PBXSourcesBuildPhase;
			buildActionMask = 2147483647;
			files = (
				62AF03432564476400535D3B /* Taste_BudsTests.swift in Sources */,
			);
			runOnlyForDeploymentPostprocessing = 0;
		};
		62AF03452564476400535D3B /* Sources */ = {
			isa = PBXSourcesBuildPhase;
			buildActionMask = 2147483647;
			files = (
				62AF034E2564476400535D3B /* Taste_BudsUITests.swift in Sources */,
			);
			runOnlyForDeploymentPostprocessing = 0;
		};
/* End PBXSourcesBuildPhase section */

/* Begin PBXTargetDependency section */
		62AF03402564476300535D3B /* PBXTargetDependency */ = {
			isa = PBXTargetDependency;
			target = 62AF03272564476200535D3B /* Taste-Buds */;
			targetProxy = 62AF033F2564476300535D3B /* PBXContainerItemProxy */;
		};
		62AF034B2564476400535D3B /* PBXTargetDependency */ = {
			isa = PBXTargetDependency;
			target = 62AF03272564476200535D3B /* Taste-Buds */;
			targetProxy = 62AF034A2564476400535D3B /* PBXContainerItemProxy */;
		};
/* End PBXTargetDependency section */

/* Begin PBXVariantGroup section */
		62AF03312564476200535D3B /* Main.storyboard */ = {
			isa = PBXVariantGroup;
			children = (
				62AF03322564476200535D3B /* Base */,
			);
			name = Main.storyboard;
			sourceTree = "<group>";
		};
		62AF03362564476300535D3B /* LaunchScreen.storyboard */ = {
			isa = PBXVariantGroup;
			children = (
				62AF03372564476300535D3B /* Base */,
			);
			name = LaunchScreen.storyboard;
			sourceTree = "<group>";
		};
/* End PBXVariantGroup section */

/* Begin XCBuildConfiguration section */
		62AF03502564476400535D3B /* Debug */ = {
			isa = XCBuildConfiguration;
			buildSettings = {
				ALWAYS_SEARCH_USER_PATHS = NO;
				CLANG_ANALYZER_NONNULL = YES;
				CLANG_ANALYZER_NUMBER_OBJECT_CONVERSION = YES_AGGRESSIVE;
				CLANG_CXX_LANGUAGE_STANDARD = "gnu++14";
				CLANG_CXX_LIBRARY = "libc++";
				CLANG_ENABLE_MODULES = YES;
				CLANG_ENABLE_OBJC_ARC = YES;
				CLANG_ENABLE_OBJC_WEAK = YES;
				CLANG_WARN_BLOCK_CAPTURE_AUTORELEASING = YES;
				CLANG_WARN_BOOL_CONVERSION = YES;
				CLANG_WARN_COMMA = YES;
				CLANG_WARN_CONSTANT_CONVERSION = YES;
				CLANG_WARN_DEPRECATED_OBJC_IMPLEMENTATIONS = YES;
				CLANG_WARN_DIRECT_OBJC_ISA_USAGE = YES_ERROR;
				CLANG_WARN_DOCUMENTATION_COMMENTS = YES;
				CLANG_WARN_EMPTY_BODY = YES;
				CLANG_WARN_ENUM_CONVERSION = YES;
				CLANG_WARN_INFINITE_RECURSION = YES;
				CLANG_WARN_INT_CONVERSION = YES;
				CLANG_WARN_NON_LITERAL_NULL_CONVERSION = YES;
				CLANG_WARN_OBJC_IMPLICIT_RETAIN_SELF = YES;
				CLANG_WARN_OBJC_LITERAL_CONVERSION = YES;
				CLANG_WARN_OBJC_ROOT_CLASS = YES_ERROR;
				CLANG_WARN_QUOTED_INCLUDE_IN_FRAMEWORK_HEADER = YES;
				CLANG_WARN_RANGE_LOOP_ANALYSIS = YES;
				CLANG_WARN_STRICT_PROTOTYPES = YES;
				CLANG_WARN_SUSPICIOUS_MOVE = YES;
				CLANG_WARN_UNGUARDED_AVAILABILITY = YES_AGGRESSIVE;
				CLANG_WARN_UNREACHABLE_CODE = YES;
				CLANG_WARN__DUPLICATE_METHOD_MATCH = YES;
				COPY_PHASE_STRIP = NO;
				DEBUG_INFORMATION_FORMAT = dwarf;
				ENABLE_STRICT_OBJC_MSGSEND = YES;
				ENABLE_TESTABILITY = YES;
				GCC_C_LANGUAGE_STANDARD = gnu11;
				GCC_DYNAMIC_NO_PIC = NO;
				GCC_NO_COMMON_BLOCKS = YES;
				GCC_OPTIMIZATION_LEVEL = 0;
				GCC_PREPROCESSOR_DEFINITIONS = (
					"DEBUG=1",
					"$(inherited)",
				);
				GCC_WARN_64_TO_32_BIT_CONVERSION = YES;
				GCC_WARN_ABOUT_RETURN_TYPE = YES_ERROR;
				GCC_WARN_UNDECLARED_SELECTOR = YES;
				GCC_WARN_UNINITIALIZED_AUTOS = YES_AGGRESSIVE;
				GCC_WARN_UNUSED_FUNCTION = YES;
				GCC_WARN_UNUSED_VARIABLE = YES;
				IPHONEOS_DEPLOYMENT_TARGET = 14.1;
				MTL_ENABLE_DEBUG_INFO = INCLUDE_SOURCE;
				MTL_FAST_MATH = YES;
				ONLY_ACTIVE_ARCH = YES;
				SDKROOT = iphoneos;
				SWIFT_ACTIVE_COMPILATION_CONDITIONS = DEBUG;
				SWIFT_OPTIMIZATION_LEVEL = "-Onone";
			};
			name = Debug;
		};
		62AF03512564476400535D3B /* Release */ = {
			isa = XCBuildConfiguration;
			buildSettings = {
				ALWAYS_SEARCH_USER_PATHS = NO;
				CLANG_ANALYZER_NONNULL = YES;
				CLANG_ANALYZER_NUMBER_OBJECT_CONVERSION = YES_AGGRESSIVE;
				CLANG_CXX_LANGUAGE_STANDARD = "gnu++14";
				CLANG_CXX_LIBRARY = "libc++";
				CLANG_ENABLE_MODULES = YES;
				CLANG_ENABLE_OBJC_ARC = YES;
				CLANG_ENABLE_OBJC_WEAK = YES;
				CLANG_WARN_BLOCK_CAPTURE_AUTORELEASING = YES;
				CLANG_WARN_BOOL_CONVERSION = YES;
				CLANG_WARN_COMMA = YES;
				CLANG_WARN_CONSTANT_CONVERSION = YES;
				CLANG_WARN_DEPRECATED_OBJC_IMPLEMENTATIONS = YES;
				CLANG_WARN_DIRECT_OBJC_ISA_USAGE = YES_ERROR;
				CLANG_WARN_DOCUMENTATION_COMMENTS = YES;
				CLANG_WARN_EMPTY_BODY = YES;
				CLANG_WARN_ENUM_CONVERSION = YES;
				CLANG_WARN_INFINITE_RECURSION = YES;
				CLANG_WARN_INT_CONVERSION = YES;
				CLANG_WARN_NON_LITERAL_NULL_CONVERSION = YES;
				CLANG_WARN_OBJC_IMPLICIT_RETAIN_SELF = YES;
				CLANG_WARN_OBJC_LITERAL_CONVERSION = YES;
				CLANG_WARN_OBJC_ROOT_CLASS = YES_ERROR;
				CLANG_WARN_QUOTED_INCLUDE_IN_FRAMEWORK_HEADER = YES;
				CLANG_WARN_RANGE_LOOP_ANALYSIS = YES;
				CLANG_WARN_STRICT_PROTOTYPES = YES;
				CLANG_WARN_SUSPICIOUS_MOVE = YES;
				CLANG_WARN_UNGUARDED_AVAILABILITY = YES_AGGRESSIVE;
				CLANG_WARN_UNREACHABLE_CODE = YES;
				CLANG_WARN__DUPLICATE_METHOD_MATCH = YES;
				COPY_PHASE_STRIP = NO;
				DEBUG_INFORMATION_FORMAT = "dwarf-with-dsym";
				ENABLE_NS_ASSERTIONS = NO;
				ENABLE_STRICT_OBJC_MSGSEND = YES;
				GCC_C_LANGUAGE_STANDARD = gnu11;
				GCC_NO_COMMON_BLOCKS = YES;
				GCC_WARN_64_TO_32_BIT_CONVERSION = YES;
				GCC_WARN_ABOUT_RETURN_TYPE = YES_ERROR;
				GCC_WARN_UNDECLARED_SELECTOR = YES;
				GCC_WARN_UNINITIALIZED_AUTOS = YES_AGGRESSIVE;
				GCC_WARN_UNUSED_FUNCTION = YES;
				GCC_WARN_UNUSED_VARIABLE = YES;
				IPHONEOS_DEPLOYMENT_TARGET = 14.1;
				MTL_ENABLE_DEBUG_INFO = NO;
				MTL_FAST_MATH = YES;
				SDKROOT = iphoneos;
				SWIFT_COMPILATION_MODE = wholemodule;
				SWIFT_OPTIMIZATION_LEVEL = "-O";
				VALIDATE_PRODUCT = YES;
			};
			name = Release;
		};
		62AF03532564476400535D3B /* Debug */ = {
			isa = XCBuildConfiguration;
			baseConfigurationReference = EA5C1B5C07043CBA384C1658 /* Pods-Taste-Buds.debug.xcconfig */;
			buildSettings = {
				ASSETCATALOG_COMPILER_APPICON_NAME = AppIcon;
				ASSETCATALOG_COMPILER_GLOBAL_ACCENT_COLOR_NAME = AccentColor;
				CODE_SIGN_STYLE = Automatic;
				DEVELOPMENT_TEAM = 8MHV9PDY5P;
				INFOPLIST_FILE = "Taste-Buds/Info.plist";
				LD_RUNPATH_SEARCH_PATHS = (
					"$(inherited)",
					"@executable_path/Frameworks",
				);
				PRODUCT_BUNDLE_IDENTIFIER = "ralphjus.Taste-Buds";
				PRODUCT_NAME = "$(TARGET_NAME)";
				SWIFT_VERSION = 5.0;
				TARGETED_DEVICE_FAMILY = 1;
			};
			name = Debug;
		};
		62AF03542564476400535D3B /* Release */ = {
			isa = XCBuildConfiguration;
			baseConfigurationReference = 06D85452AE98016E375A7F4C /* Pods-Taste-Buds.release.xcconfig */;
			buildSettings = {
				ASSETCATALOG_COMPILER_APPICON_NAME = AppIcon;
				ASSETCATALOG_COMPILER_GLOBAL_ACCENT_COLOR_NAME = AccentColor;
				CODE_SIGN_STYLE = Automatic;
				DEVELOPMENT_TEAM = 8MHV9PDY5P;
				INFOPLIST_FILE = "Taste-Buds/Info.plist";
				LD_RUNPATH_SEARCH_PATHS = (
					"$(inherited)",
					"@executable_path/Frameworks",
				);
				PRODUCT_BUNDLE_IDENTIFIER = "ralphjus.Taste-Buds";
				PRODUCT_NAME = "$(TARGET_NAME)";
				SWIFT_VERSION = 5.0;
				TARGETED_DEVICE_FAMILY = 1;
			};
			name = Release;
		};
		62AF03562564476400535D3B /* Debug */ = {
			isa = XCBuildConfiguration;
			baseConfigurationReference = 341A87FA9F9970A46146F5F8 /* Pods-Taste-BudsTests.debug.xcconfig */;
			buildSettings = {
				ALWAYS_EMBED_SWIFT_STANDARD_LIBRARIES = YES;
				BUNDLE_LOADER = "$(TEST_HOST)";
				CODE_SIGN_STYLE = Automatic;
				DEVELOPMENT_TEAM = 8MHV9PDY5P;
				INFOPLIST_FILE = "Taste-BudsTests/Info.plist";
				IPHONEOS_DEPLOYMENT_TARGET = 14.1;
				LD_RUNPATH_SEARCH_PATHS = (
					"$(inherited)",
					"@executable_path/Frameworks",
					"@loader_path/Frameworks",
				);
				PRODUCT_BUNDLE_IDENTIFIER = "ralphjus.Taste-BudsTests";
				PRODUCT_NAME = "$(TARGET_NAME)";
				SWIFT_VERSION = 5.0;
				TARGETED_DEVICE_FAMILY = "1,2";
				TEST_HOST = "$(BUILT_PRODUCTS_DIR)/Taste-Buds.app/Taste-Buds";
			};
			name = Debug;
		};
		62AF03572564476400535D3B /* Release */ = {
			isa = XCBuildConfiguration;
			baseConfigurationReference = 9D19E5E7B648C5AB7439F90C /* Pods-Taste-BudsTests.release.xcconfig */;
			buildSettings = {
				ALWAYS_EMBED_SWIFT_STANDARD_LIBRARIES = YES;
				BUNDLE_LOADER = "$(TEST_HOST)";
				CODE_SIGN_STYLE = Automatic;
				DEVELOPMENT_TEAM = 8MHV9PDY5P;
				INFOPLIST_FILE = "Taste-BudsTests/Info.plist";
				IPHONEOS_DEPLOYMENT_TARGET = 14.1;
				LD_RUNPATH_SEARCH_PATHS = (
					"$(inherited)",
					"@executable_path/Frameworks",
					"@loader_path/Frameworks",
				);
				PRODUCT_BUNDLE_IDENTIFIER = "ralphjus.Taste-BudsTests";
				PRODUCT_NAME = "$(TARGET_NAME)";
				SWIFT_VERSION = 5.0;
				TARGETED_DEVICE_FAMILY = "1,2";
				TEST_HOST = "$(BUILT_PRODUCTS_DIR)/Taste-Buds.app/Taste-Buds";
			};
			name = Release;
		};
		62AF03592564476400535D3B /* Debug */ = {
			isa = XCBuildConfiguration;
			baseConfigurationReference = 536A606D469F807B70BB22B1 /* Pods-Taste-Buds-Taste-BudsUITests.debug.xcconfig */;
			buildSettings = {
				ALWAYS_EMBED_SWIFT_STANDARD_LIBRARIES = YES;
				CODE_SIGN_STYLE = Automatic;
				DEVELOPMENT_TEAM = 8MHV9PDY5P;
				INFOPLIST_FILE = "Taste-BudsUITests/Info.plist";
				LD_RUNPATH_SEARCH_PATHS = (
					"$(inherited)",
					"@executable_path/Frameworks",
					"@loader_path/Frameworks",
				);
				PRODUCT_BUNDLE_IDENTIFIER = "ralphjus.Taste-BudsUITests";
				PRODUCT_NAME = "$(TARGET_NAME)";
				SWIFT_VERSION = 5.0;
				TARGETED_DEVICE_FAMILY = "1,2";
				TEST_TARGET_NAME = "Taste-Buds";
			};
			name = Debug;
		};
		62AF035A2564476400535D3B /* Release */ = {
			isa = XCBuildConfiguration;
			baseConfigurationReference = CBCE94FE080B126FA522363F /* Pods-Taste-Buds-Taste-BudsUITests.release.xcconfig */;
			buildSettings = {
				ALWAYS_EMBED_SWIFT_STANDARD_LIBRARIES = YES;
				CODE_SIGN_STYLE = Automatic;
				DEVELOPMENT_TEAM = 8MHV9PDY5P;
				INFOPLIST_FILE = "Taste-BudsUITests/Info.plist";
				LD_RUNPATH_SEARCH_PATHS = (
					"$(inherited)",
					"@executable_path/Frameworks",
					"@loader_path/Frameworks",
				);
				PRODUCT_BUNDLE_IDENTIFIER = "ralphjus.Taste-BudsUITests";
				PRODUCT_NAME = "$(TARGET_NAME)";
				SWIFT_VERSION = 5.0;
				TARGETED_DEVICE_FAMILY = "1,2";
				TEST_TARGET_NAME = "Taste-Buds";
			};
			name = Release;
		};
/* End XCBuildConfiguration section */

/* Begin XCConfigurationList section */
		62AF03232564476200535D3B /* Build configuration list for PBXProject "Taste-Buds" */ = {
			isa = XCConfigurationList;
			buildConfigurations = (
				62AF03502564476400535D3B /* Debug */,
				62AF03512564476400535D3B /* Release */,
			);
			defaultConfigurationIsVisible = 0;
			defaultConfigurationName = Release;
		};
		62AF03522564476400535D3B /* Build configuration list for PBXNativeTarget "Taste-Buds" */ = {
			isa = XCConfigurationList;
			buildConfigurations = (
				62AF03532564476400535D3B /* Debug */,
				62AF03542564476400535D3B /* Release */,
			);
			defaultConfigurationIsVisible = 0;
			defaultConfigurationName = Release;
		};
		62AF03552564476400535D3B /* Build configuration list for PBXNativeTarget "Taste-BudsTests" */ = {
			isa = XCConfigurationList;
			buildConfigurations = (
				62AF03562564476400535D3B /* Debug */,
				62AF03572564476400535D3B /* Release */,
			);
			defaultConfigurationIsVisible = 0;
			defaultConfigurationName = Release;
		};
		62AF03582564476400535D3B /* Build configuration list for PBXNativeTarget "Taste-BudsUITests" */ = {
			isa = XCConfigurationList;
			buildConfigurations = (
				62AF03592564476400535D3B /* Debug */,
				62AF035A2564476400535D3B /* Release */,
			);
			defaultConfigurationIsVisible = 0;
			defaultConfigurationName = Release;
		};
/* End XCConfigurationList section */
	};
	rootObject = 62AF03202564476200535D3B /* Project object */;
}
